
Microsoft Visual Studio Solution File, Format Version 12.00
# Visual Studio 14
VisualStudioVersion = 14.0.25420.1
MinimumVisualStudioVersion = 10.0.40219.1
Project("{8BC9CEB8-8B4A-11D0-8D11-00A0C91BC942}") = "MkrcvcdUMDFDriver", "MkrcvcdUMDFDriver\MkrcvcdUMDFDriver.vcxproj", "{F2794588-7BF3-4503-A3C4-592EAE9F4061}"
EndProject
Global
	GlobalSection(SolutionConfigurationPlatforms) = preSolution
		Debug|ARM = Debug|ARM
		Debug|ARM64 = Debug|ARM64
		Debug|x64 = Debug|x64
		Debug|x86 = Debug|x86
		Release|ARM = Release|ARM
		Release|ARM64 = Release|ARM64
		Release|x64 = Release|x64
		Release|x86 = Release|x86
	EndGlobalSection
	GlobalSection(ProjectConfigurationPlatforms) = postSolution
		{F2794588-7BF3-4503-A3C4-592EAE9F4061}.Debug|ARM.ActiveCfg = Debug|ARM
		{F2794588-7BF3-4503-A3C4-592EAE9F4061}.Debug|ARM.Build.0 = Debug|ARM
		{F2794588-7BF3-4503-A3C4-592EAE9F4061}.Debug|ARM.Deploy.0 = Debug|ARM
		{F2794588-7BF3-4503-A3C4-592EAE9F4061}.Debug|ARM64.ActiveCfg = Debug|ARM64
		{F2794588-7BF3-4503-A3C4-592EAE9F4061}.Debug|ARM64.Build.0 = Debug|ARM64
		{F2794588-7BF3-4503-A3C4-592EAE9F4061}.Debug|ARM64.Deploy.0 = Debug|ARM64
		{F2794588-7BF3-4503-A3C4-592EAE9F4061}.Debug|x64.ActiveCfg = Debug|x64
		{F2794588-7BF3-4503-A3C4-592EAE9F4061}.Debug|x64.Build.0 = Debug|x64
		{F2794588-7BF3-4503-A3C4-592EAE9F4061}.Debug|x64.Deploy.0 = Debug|x64
		{F2794588-7BF3-4503-A3C4-592EAE9F4061}.Debug|x86.ActiveCfg = Debug|Win32
		{F2794588-7BF3-4503-A3C4-592EAE9F4061}.Debug|x86.Build.0 = Debug|Win32
		{F2794588-7BF3-4503-A3C4-592EAE9F4061}.Debug|x86.Deploy.0 = Debug|Win32
		{F2794588-7BF3-4503-A3C4-592EAE9F4061}.Release|ARM.ActiveCfg = Release|ARM
		{F2794588-7BF3-4503-A3C4-592EAE9F4061}.Release|ARM.Build.0 = Release|ARM
		{F2794588-7BF3-4503-A3C4-592EAE9F4061}.Release|ARM.Deploy.0 = Release|ARM
		{F2794588-7BF3-4503-A3C4-592EAE9F4061}.Release|ARM64.ActiveCfg = Release|ARM64
		{F2794588-7BF3-4503-A3C4-592EAE9F4061}.Release|ARM64.Build.0 = Release|ARM64
		{F2794588-7BF3-4503-A3C4-592EAE9F4061}.Release|ARM64.Deploy.0 = Release|ARM64
		{F2794588-7BF3-4503-A3C4-592EAE9F4061}.Release|x64.ActiveCfg = Release|x64
		{F2794588-7BF3-4503-A3C4-592EAE9F4061}.Release|x64.Build.0 = Release|x64
		{F2794588-7BF3-4503-A3C4-592EAE9F4061}.Release|x64.Deploy.0 = Release|x64
		{F2794588-7BF3-4503-A3C4-592EAE9F4061}.Release|x86.ActiveCfg = Release|Win32
		{F2794588-7BF3-4503-A3C4-592EAE9F4061}.Release|x86.Build.0 = Release|Win32
		{F2794588-7BF3-4503-A3C4-592EAE9F4061}.Release|x86.Deploy.0 = Release|Win32
	EndGlobalSection
	GlobalSection(SolutionProperties) = preSolution
		HideSolutionNode = FALSE
	EndGlobalSection
EndGlobal
