
Microsoft Visual Studio Solution File, Format Version 12.00
# Visual Studio 15
VisualStudioVersion = 15.0.27703.2018
MinimumVisualStudioVersion = 10.0.40219.1
Project("{FAE04EC0-301F-11D3-BF4B-00C04F79EFBC}") = "UIAutomationTrigger", "UIAutomationTrigger\UIAutomationTrigger.csproj", "{D8111DD2-245D-4D04-BD14-7B24F3B8A395}"
EndProject
Project("{FAE04EC0-301F-11D3-BF4B-00C04F79EFBC}") = "CheckResult", "CheckResult\CheckResult.csproj", "{F9974F5F-D935-42A7-BCE8-567A12433E1D}"
EndProject
Project("{FAE04EC0-301F-11D3-BF4B-00C04F79EFBC}") = "UninstallApps", "UninstallApps\UninstallApps.csproj", "{1BEB8532-83FF-48D8-96D9-652A27AB5A72}"
EndProject
Project("{FAE04EC0-301F-11D3-BF4B-00C04F79EFBC}") = "CaptureStartMenu", "CaptureStartMenu\CaptureStartMenu.csproj", "{811A0C2C-3A7D-4CA3-A8B4-F16D364AC2E3}"
EndProject
Global
	GlobalSection(SolutionConfigurationPlatforms) = preSolution
		Debug|Any CPU = Debug|Any CPU
		Release|Any CPU = Release|Any CPU
	EndGlobalSection
	GlobalSection(ProjectConfigurationPlatforms) = postSolution
		{D8111DD2-245D-4D04-BD14-7B24F3B8A395}.Debug|Any CPU.ActiveCfg = Debug|Any CPU
		{D8111DD2-245D-4D04-BD14-7B24F3B8A395}.Debug|Any CPU.Build.0 = Debug|Any CPU
		{D8111DD2-245D-4D04-BD14-7B24F3B8A395}.Release|Any CPU.ActiveCfg = Release|Any CPU
		{D8111DD2-245D-4D04-BD14-7B24F3B8A395}.Release|Any CPU.Build.0 = Release|Any CPU
		{F9974F5F-D935-42A7-BCE8-567A12433E1D}.Debug|Any CPU.ActiveCfg = Debug|Any CPU
		{F9974F5F-D935-42A7-BCE8-567A12433E1D}.Debug|Any CPU.Build.0 = Debug|Any CPU
		{F9974F5F-D935-42A7-BCE8-567A12433E1D}.Release|Any CPU.ActiveCfg = Release|Any CPU
		{F9974F5F-D935-42A7-BCE8-567A12433E1D}.Release|Any CPU.Build.0 = Release|Any CPU
		{1BEB8532-83FF-48D8-96D9-652A27AB5A72}.Debug|Any CPU.ActiveCfg = Debug|Any CPU
		{1BEB8532-83FF-48D8-96D9-652A27AB5A72}.Debug|Any CPU.Build.0 = Debug|Any CPU
		{1BEB8532-83FF-48D8-96D9-652A27AB5A72}.Release|Any CPU.ActiveCfg = Release|Any CPU
		{1BEB8532-83FF-48D8-96D9-652A27AB5A72}.Release|Any CPU.Build.0 = Release|Any CPU
		{811A0C2C-3A7D-4CA3-A8B4-F16D364AC2E3}.Debug|Any CPU.ActiveCfg = Debug|Any CPU
		{811A0C2C-3A7D-4CA3-A8B4-F16D364AC2E3}.Debug|Any CPU.Build.0 = Debug|Any CPU
		{811A0C2C-3A7D-4CA3-A8B4-F16D364AC2E3}.Release|Any CPU.ActiveCfg = Release|Any CPU
		{811A0C2C-3A7D-4CA3-A8B4-F16D364AC2E3}.Release|Any CPU.Build.0 = Release|Any CPU
	EndGlobalSection
	GlobalSection(SolutionProperties) = preSolution
		HideSolutionNode = FALSE
	EndGlobalSection
	GlobalSection(ExtensibilityGlobals) = postSolution
		SolutionGuid = {E7EF0E6B-337C-4998-A766-1F0CAC653FF4}
	EndGlobalSection
EndGlobal
